
Microsoft Visual Studio Solution File, Format Version 12.00
# Visual Studio 15
VisualStudioVersion = 15.0.26730.10
MinimumVisualStudioVersion = 10.0.40219.1
Project("{2150E333-8FDC-42A3-9474-1A3956D46DE8}") = "Solution Items", "Solution Items", "{F1D4104B-AA40-44F1-9E9B-D5ED50D1961B}"
	ProjectSection(SolutionItems) = preProject
		.travis.yml = .travis.yml
		appveyor.yml = appveyor.yml
		LICENSE = LICENSE
		README.md = README.md
	EndProjectSection
EndProject
Project("{2150E333-8FDC-42A3-9474-1A3956D46DE8}") = "src", "src", "{8F5E916E-BF63-4CD7-A5B1-B3BE03D6A1B2}"
EndProject
Project("{9A19103F-16F7-4668-BE54-9A1E7A4F7556}") = "Unosquare.Swan.AspNetCore", "src\Unosquare.Swan.AspNetCore\Unosquare.Swan.AspNetCore.csproj", "{7F333A1D-E00C-4E41-83F9-63A75F9B835C}"
EndProject
Project("{9A19103F-16F7-4668-BE54-9A1E7A4F7556}") = "Unosquare.Swan.AspNetCore.Sample", "src\Unosquare.Swan.AspNetCore.Sample\Unosquare.Swan.AspNetCore.Sample.csproj", "{4A0B4934-91F7-4E85-9BF4-00F787BF6776}"
EndProject
Project("{2150E333-8FDC-42A3-9474-1A3956D46DE8}") = "test", "test", "{8380C700-8E9C-4E50-B8B4-8CB24A975562}"
EndProject
Project("{9A19103F-16F7-4668-BE54-9A1E7A4F7556}") = "Unosquare.Swan.AspNetCore.Test", "test\Unosquare.Swan.AspNetCore.Test\Unosquare.Swan.AspNetCore.Test.csproj", "{63D865CE-559F-464C-9D2B-7C9A261D41FE}"
EndProject
Global
	GlobalSection(SolutionConfigurationPlatforms) = preSolution
		Debug|Any CPU = Debug|Any CPU
		Release|Any CPU = Release|Any CPU
	EndGlobalSection
	GlobalSection(ProjectConfigurationPlatforms) = postSolution
		{7F333A1D-E00C-4E41-83F9-63A75F9B835C}.Debug|Any CPU.ActiveCfg = Debug|Any CPU
		{7F333A1D-E00C-4E41-83F9-63A75F9B835C}.Debug|Any CPU.Build.0 = Debug|Any CPU
		{7F333A1D-E00C-4E41-83F9-63A75F9B835C}.Release|Any CPU.ActiveCfg = Release|Any CPU
		{7F333A1D-E00C-4E41-83F9-63A75F9B835C}.Release|Any CPU.Build.0 = Release|Any CPU
		{4A0B4934-91F7-4E85-9BF4-00F787BF6776}.Debug|Any CPU.ActiveCfg = Debug|Any CPU
		{4A0B4934-91F7-4E85-9BF4-00F787BF6776}.Debug|Any CPU.Build.0 = Debug|Any CPU
		{4A0B4934-91F7-4E85-9BF4-00F787BF6776}.Release|Any CPU.ActiveCfg = Release|Any CPU
		{4A0B4934-91F7-4E85-9BF4-00F787BF6776}.Release|Any CPU.Build.0 = Release|Any CPU
		{63D865CE-559F-464C-9D2B-7C9A261D41FE}.Debug|Any CPU.ActiveCfg = Debug|Any CPU
		{63D865CE-559F-464C-9D2B-7C9A261D41FE}.Debug|Any CPU.Build.0 = Debug|Any CPU
		{63D865CE-559F-464C-9D2B-7C9A261D41FE}.Release|Any CPU.ActiveCfg = Release|Any CPU
		{63D865CE-559F-464C-9D2B-7C9A261D41FE}.Release|Any CPU.Build.0 = Release|Any CPU
	EndGlobalSection
	GlobalSection(SolutionProperties) = preSolution
		HideSolutionNode = FALSE
	EndGlobalSection
	GlobalSection(NestedProjects) = preSolution
		{7F333A1D-E00C-4E41-83F9-63A75F9B835C} = {8F5E916E-BF63-4CD7-A5B1-B3BE03D6A1B2}
		{4A0B4934-91F7-4E85-9BF4-00F787BF6776} = {8F5E916E-BF63-4CD7-A5B1-B3BE03D6A1B2}
		{63D865CE-559F-464C-9D2B-7C9A261D41FE} = {8380C700-8E9C-4E50-B8B4-8CB24A975562}
	EndGlobalSection
	GlobalSection(ExtensibilityGlobals) = postSolution
		SolutionGuid = {045DEAAF-4841-4183-B9E6-42354D00C908}
	EndGlobalSection
EndGlobal
